
Microsoft Visual Studio Solution File, Format Version 12.00
# Visual Studio Version 17
VisualStudioVersion = 17.0.31903.59
MinimumVisualStudioVersion = 10.0.40219.1
Project("{FAE04EC0-301F-11D3-BF4B-00C04F79EFBC}") = "TradingBot.Application", "TradingBot.Application\TradingBot.Application.csproj", "{E9183EFD-15F2-4009-B18A-EB1F54D39A4E}"
EndProject
Project("{2150E333-8FDC-42A3-9474-1A3956D46DE8}") = "Core", "Core", "{CC477BF7-1D30-4B61-845C-196F1E220619}"
EndProject
Project("{2150E333-8FDC-42A3-9474-1A3956D46DE8}") = "Infrastructure", "Infrastructure", "{BF96AE0D-0709-49C2-905B-149EFC1284F6}"
EndProject
Project("{2150E333-8FDC-42A3-9474-1A3956D46DE8}") = "Presentation", "Presentation", "{977A6B49-2E39-4F21-AC98-D50AAFEA81C5}"
EndProject
Project("{FAE04EC0-301F-11D3-BF4B-00C04F79EFBC}") = "TradingBot.Infrastructure", "TradingBot.Infrastructure\TradingBot.Infrastructure.csproj", "{7D0C35CB-CF29-46A8-A887-DC50E6A8353A}"
EndProject
Project("{FAE04EC0-301F-11D3-BF4B-00C04F79EFBC}") = "TradingBot.Api", "TradingBot.Api\TradingBot.Api.csproj", "{ADD9DD83-4E64-49DC-883C-AA8C908E0D73}"
EndProject
Project("{FAE04EC0-301F-11D3-BF4B-00C04F79EFBC}") = "TradingBot.Domain", "TradingBot.Domain\TradingBot.Domain.csproj", "{B752559F-43A5-421B-877D-4C010F41442B}"
EndProject
Project("{2150E333-8FDC-42A3-9474-1A3956D46DE8}") = "Application", "Application", "{96C4D9A3-D1E1-4246-AEE9-2C45CDB992D6}"
EndProject
Project("{2150E333-8FDC-42A3-9474-1A3956D46DE8}") = "PluginContracts", "PluginContracts", "{FC5CCD0D-BE68-4E6A-9843-3075D04789C2}"
EndProject
Project("{FAE04EC0-301F-11D3-BF4B-00C04F79EFBC}") = "TradingBot.PluginContracts", "TradingBot.PluginContracts\TradingBot.PluginContracts.csproj", "{999EE832-6291-47EC-AA42-8F04F3C7AE0A}"
EndProject
Project("{FAE04EC0-301F-11D3-BF4B-00C04F79EFBC}") = "TradingBot.Worker", "TradingBot.Worker\TradingBot.Worker.csproj", "{6BA82241-AF69-402A-B196-1136FD26426D}"
EndProject
Project("{2150E333-8FDC-42A3-9474-1A3956D46DE8}") = "Plugins", "Plugins", "{FE89EDA5-2DB8-43F8-8EC4-668B1C559405}"
EndProject
Project("{FAE04EC0-301F-11D3-BF4B-00C04F79EFBC}") = "TradingBot.Brokers.Binance", "TradingBot.Brokers.Binance\TradingBot.Brokers.Binance.csproj", "{F06B8E0E-813D-41A4-9B1D-D21A3B0C17C8}"
EndProject
Project("{FAE04EC0-301F-11D3-BF4B-00C04F79EFBC}") = "TradingBot.Strategies.Simulation", "TradingBot.Strategies.Simulation\TradingBot.Strategies.Simulation.csproj", "{3BC6F1FF-9A0D-461D-B9D9-8DF719735A17}"
EndProject
Global
	GlobalSection(SolutionConfigurationPlatforms) = preSolution
		Debug|Any CPU = Debug|Any CPU
		Release|Any CPU = Release|Any CPU
	EndGlobalSection
	GlobalSection(ProjectConfigurationPlatforms) = postSolution
		{E9183EFD-15F2-4009-B18A-EB1F54D39A4E}.Debug|Any CPU.ActiveCfg = Debug|Any CPU
		{E9183EFD-15F2-4009-B18A-EB1F54D39A4E}.Debug|Any CPU.Build.0 = Debug|Any CPU
		{E9183EFD-15F2-4009-B18A-EB1F54D39A4E}.Release|Any CPU.ActiveCfg = Release|Any CPU
		{E9183EFD-15F2-4009-B18A-EB1F54D39A4E}.Release|Any CPU.Build.0 = Release|Any CPU
		{7D0C35CB-CF29-46A8-A887-DC50E6A8353A}.Debug|Any CPU.ActiveCfg = Debug|Any CPU
		{7D0C35CB-CF29-46A8-A887-DC50E6A8353A}.Debug|Any CPU.Build.0 = Debug|Any CPU
		{7D0C35CB-CF29-46A8-A887-DC50E6A8353A}.Release|Any CPU.ActiveCfg = Release|Any CPU
		{7D0C35CB-CF29-46A8-A887-DC50E6A8353A}.Release|Any CPU.Build.0 = Release|Any CPU
		{ADD9DD83-4E64-49DC-883C-AA8C908E0D73}.Debug|Any CPU.ActiveCfg = Debug|Any CPU
		{ADD9DD83-4E64-49DC-883C-AA8C908E0D73}.Debug|Any CPU.Build.0 = Debug|Any CPU
		{ADD9DD83-4E64-49DC-883C-AA8C908E0D73}.Release|Any CPU.ActiveCfg = Release|Any CPU
		{ADD9DD83-4E64-49DC-883C-AA8C908E0D73}.Release|Any CPU.Build.0 = Release|Any CPU
		{B752559F-43A5-421B-877D-4C010F41442B}.Debug|Any CPU.ActiveCfg = Debug|Any CPU
		{B752559F-43A5-421B-877D-4C010F41442B}.Debug|Any CPU.Build.0 = Debug|Any CPU
		{B752559F-43A5-421B-877D-4C010F41442B}.Release|Any CPU.ActiveCfg = Release|Any CPU
		{B752559F-43A5-421B-877D-4C010F41442B}.Release|Any CPU.Build.0 = Release|Any CPU
		{999EE832-6291-47EC-AA42-8F04F3C7AE0A}.Debug|Any CPU.ActiveCfg = Debug|Any CPU
		{999EE832-6291-47EC-AA42-8F04F3C7AE0A}.Debug|Any CPU.Build.0 = Debug|Any CPU
		{999EE832-6291-47EC-AA42-8F04F3C7AE0A}.Release|Any CPU.ActiveCfg = Release|Any CPU
		{999EE832-6291-47EC-AA42-8F04F3C7AE0A}.Release|Any CPU.Build.0 = Release|Any CPU
		{6BA82241-AF69-402A-B196-1136FD26426D}.Debug|Any CPU.ActiveCfg = Debug|Any CPU
		{6BA82241-AF69-402A-B196-1136FD26426D}.Debug|Any CPU.Build.0 = Debug|Any CPU
		{6BA82241-AF69-402A-B196-1136FD26426D}.Release|Any CPU.ActiveCfg = Release|Any CPU
		{6BA82241-AF69-402A-B196-1136FD26426D}.Release|Any CPU.Build.0 = Release|Any CPU
		{F06B8E0E-813D-41A4-9B1D-D21A3B0C17C8}.Debug|Any CPU.ActiveCfg = Debug|Any CPU
		{F06B8E0E-813D-41A4-9B1D-D21A3B0C17C8}.Debug|Any CPU.Build.0 = Debug|Any CPU
		{F06B8E0E-813D-41A4-9B1D-D21A3B0C17C8}.Release|Any CPU.ActiveCfg = Release|Any CPU
		{F06B8E0E-813D-41A4-9B1D-D21A3B0C17C8}.Release|Any CPU.Build.0 = Release|Any CPU
		{3BC6F1FF-9A0D-461D-B9D9-8DF719735A17}.Debug|Any CPU.ActiveCfg = Debug|Any CPU
		{3BC6F1FF-9A0D-461D-B9D9-8DF719735A17}.Debug|Any CPU.Build.0 = Debug|Any CPU
		{3BC6F1FF-9A0D-461D-B9D9-8DF719735A17}.Release|Any CPU.ActiveCfg = Release|Any CPU
		{3BC6F1FF-9A0D-461D-B9D9-8DF719735A17}.Release|Any CPU.Build.0 = Release|Any CPU
	EndGlobalSection
	GlobalSection(SolutionProperties) = preSolution
		HideSolutionNode = FALSE
	EndGlobalSection
	GlobalSection(NestedProjects) = preSolution
		{E9183EFD-15F2-4009-B18A-EB1F54D39A4E} = {96C4D9A3-D1E1-4246-AEE9-2C45CDB992D6}
		{7D0C35CB-CF29-46A8-A887-DC50E6A8353A} = {BF96AE0D-0709-49C2-905B-149EFC1284F6}
		{ADD9DD83-4E64-49DC-883C-AA8C908E0D73} = {977A6B49-2E39-4F21-AC98-D50AAFEA81C5}
		{B752559F-43A5-421B-877D-4C010F41442B} = {CC477BF7-1D30-4B61-845C-196F1E220619}
		{999EE832-6291-47EC-AA42-8F04F3C7AE0A} = {FC5CCD0D-BE68-4E6A-9843-3075D04789C2}
		{6BA82241-AF69-402A-B196-1136FD26426D} = {977A6B49-2E39-4F21-AC98-D50AAFEA81C5}
		{F06B8E0E-813D-41A4-9B1D-D21A3B0C17C8} = {FE89EDA5-2DB8-43F8-8EC4-668B1C559405}
		{3BC6F1FF-9A0D-461D-B9D9-8DF719735A17} = {FE89EDA5-2DB8-43F8-8EC4-668B1C559405}
	EndGlobalSection
EndGlobal
